
Microsoft Visual Studio Solution File, Format Version 12.00
# Visual Studio Version 17
VisualStudioVersion = 17.12.35707.178
MinimumVisualStudioVersion = 10.0.40219.1
Project("{FAE04EC0-301F-11D3-BF4B-00C04F79EFBC}") = "Authorization", "Authorization\Authorization.csproj", "{9AA9F43B-7F9D-42A2-B7A0-3C7DC72AAB55}"
EndProject
Project("{FAE04EC0-301F-11D3-BF4B-00C04F79EFBC}") = "UnitTestProject1", "UnitTestProject1\UnitTestProject1.csproj", "{4EBCADC0-4D91-467D-8438-9632B12AACF5}"
EndProject
Project("{FAE04EC0-301F-11D3-BF4B-00C04F79EFBC}") = "UnitTestProject2", "UnitTestProject2\UnitTestProject2.csproj", "{87DB378D-D22B-4674-A674-5120BA152CBF}"
EndProject
Global
	GlobalSection(SolutionConfigurationPlatforms) = preSolution
		Debug|Any CPU = Debug|Any CPU
		Release|Any CPU = Release|Any CPU
	EndGlobalSection
	GlobalSection(ProjectConfigurationPlatforms) = postSolution
		{9AA9F43B-7F9D-42A2-B7A0-3C7DC72AAB55}.Debug|Any CPU.ActiveCfg = Debug|Any CPU
		{9AA9F43B-7F9D-42A2-B7A0-3C7DC72AAB55}.Debug|Any CPU.Build.0 = Debug|Any CPU
		{9AA9F43B-7F9D-42A2-B7A0-3C7DC72AAB55}.Release|Any CPU.ActiveCfg = Release|Any CPU
		{9AA9F43B-7F9D-42A2-B7A0-3C7DC72AAB55}.Release|Any CPU.Build.0 = Release|Any CPU
		{4EBCADC0-4D91-467D-8438-9632B12AACF5}.Debug|Any CPU.ActiveCfg = Debug|Any CPU
		{4EBCADC0-4D91-467D-8438-9632B12AACF5}.Debug|Any CPU.Build.0 = Debug|Any CPU
		{4EBCADC0-4D91-467D-8438-9632B12AACF5}.Release|Any CPU.ActiveCfg = Release|Any CPU
		{4EBCADC0-4D91-467D-8438-9632B12AACF5}.Release|Any CPU.Build.0 = Release|Any CPU
		{87DB378D-D22B-4674-A674-5120BA152CBF}.Debug|Any CPU.ActiveCfg = Debug|Any CPU
		{87DB378D-D22B-4674-A674-5120BA152CBF}.Debug|Any CPU.Build.0 = Debug|Any CPU
		{87DB378D-D22B-4674-A674-5120BA152CBF}.Release|Any CPU.ActiveCfg = Release|Any CPU
		{87DB378D-D22B-4674-A674-5120BA152CBF}.Release|Any CPU.Build.0 = Release|Any CPU
	EndGlobalSection
	GlobalSection(SolutionProperties) = preSolution
		HideSolutionNode = FALSE
	EndGlobalSection
EndGlobal
